
Microsoft Visual Studio Solution File, Format Version 12.00
# Visual Studio Version 17
VisualStudioVersion = 17.11.35327.3
MinimumVisualStudioVersion = 10.0.40219.1
Project("{FAE04EC0-301F-11D3-BF4B-00C04F79EFBC}") = "NovikovaNastya_lab4", "NovikovaNastya_lab4\NovikovaNastya_lab4.csproj", "{D36A0361-473E-4F3C-9B47-B84B2DDC2572}"
EndProject
Project("{FAE04EC0-301F-11D3-BF4B-00C04F79EFBC}") = "NovikovaNastya4", "NovikovaNastya4\NovikovaNastya4.csproj", "{8CF04C68-AF60-4655-8528-DCAF4AC104D7}"
EndProject
Global
	GlobalSection(SolutionConfigurationPlatforms) = preSolution
		Debug|Any CPU = Debug|Any CPU
		Release|Any CPU = Release|Any CPU
	EndGlobalSection
	GlobalSection(ProjectConfigurationPlatforms) = postSolution
		{D36A0361-473E-4F3C-9B47-B84B2DDC2572}.Debug|Any CPU.ActiveCfg = Debug|Any CPU
		{D36A0361-473E-4F3C-9B47-B84B2DDC2572}.Debug|Any CPU.Build.0 = Debug|Any CPU
		{D36A0361-473E-4F3C-9B47-B84B2DDC2572}.Release|Any CPU.ActiveCfg = Release|Any CPU
		{D36A0361-473E-4F3C-9B47-B84B2DDC2572}.Release|Any CPU.Build.0 = Release|Any CPU
		{8CF04C68-AF60-4655-8528-DCAF4AC104D7}.Debug|Any CPU.ActiveCfg = Debug|Any CPU
		{8CF04C68-AF60-4655-8528-DCAF4AC104D7}.Debug|Any CPU.Build.0 = Debug|Any CPU
		{8CF04C68-AF60-4655-8528-DCAF4AC104D7}.Release|Any CPU.ActiveCfg = Release|Any CPU
		{8CF04C68-AF60-4655-8528-DCAF4AC104D7}.Release|Any CPU.Build.0 = Release|Any CPU
	EndGlobalSection
	GlobalSection(SolutionProperties) = preSolution
		HideSolutionNode = FALSE
	EndGlobalSection
	GlobalSection(ExtensibilityGlobals) = postSolution
		SolutionGuid = {3C822880-3987-4895-BD18-03629C907247}
	EndGlobalSection
EndGlobal
